lockfileVersion: '9.0'

settings:
  autoInstallPeers: true
  excludeLinksFromLockfile: false

importers:

  .:
    dependencies:
      lucide:
        specifier: ^0.477.0
        version: 0.477.0

packages:

  lucide@0.477.0:
    resolution: {integrity: sha512-lEgt1ni9sKohbLsYWSnM3mKVRkvUrJ3Ijj01RAdM5F0iyvxkCcy3gPrb1G2ux6zE4y20ptcitfMa0OOFXI57gw==}

snapshots:

  lucide@0.477.0: {}
