{
  "name": "pscompose",
  "version": "1.0.0",
  "lockfileVersion": 3,
  "requires": true,
  "packages": {
    "": {
      "name": "pscompose",
      "version": "1.0.0",
      "license": "ISC",
      "dependencies": {
        "@esnet/esnet-tokens": "file:///~/Documents/GitHub/packets-design-system/packages/design-tokens"
      }
    },
    "../../../../../Documents/GitHub/packets-design-system/packages/design-tokens": {
      "version": "1.1.0",
      "license": "MIT",
      "dependencies": {
        "sd-tailwindcss-transformer": "^1.3.1"
      },
      "devDependencies": {
        "@rollup/plugin-commonjs": "^26.0.1",
        "@rollup/plugin-node-resolve": "^15.2.3",
        "rollup": "^4.12.0",
        "style-dictionary": "^3.7.2"
      }
    },
    "../../../../../Documents/GitHub/packets-design-system/packages/design-tokens/dist": {
      "extraneous": true
    },
    "../../../packets-design-system": {
      "name": "@esnet/packets-design-system",
      "extraneous": true,
      "devDependencies": {
        "@changesets/cli": "^2.27.1",
        "@repo/eslint-config": "workspace:*",
        "eslint": "^8.57.0",
        "prettier": "^3.2.5",
        "turbo": "^2.0.4"
      }
    },
    "node_modules/@esnet/esnet-tokens": {
      "resolved": "../../../../../Documents/GitHub/packets-design-system/packages/design-tokens",
      "link": true
    }
  }
}
