{
  "name": "pscompose",
  "version": "1.0.0",
  "lockfileVersion": 3,
  "requires": true,
  "packages": {
    "": {
      "name": "pscompose",
      "version": "1.0.0",
      "license": "ISC",
      "dependencies": {
        "@esnet/esnet-tokens": "file:///~/Documents/GitHub/packets-design-system/packages/design-tokens",
        "lucide": "^0.477.0"
      }
    },
    "../../../../../Documents/GitHub/packets-design-system/packages/design-tokens": {
      "name": "@esnet/esnet-tokens",
      "version": "1.1.0",
      "license": "MIT",
      "dependencies": {
        "sd-tailwindcss-transformer": "^1.4.6"
      },
      "devDependencies": {
        "@rollup/plugin-commonjs": "^26.0.3",
        "@rollup/plugin-node-resolve": "^15.3.0",
        "rollup": "^4.27.3",
        "style-dictionary": "^3.9.2"
      }
    },
    "../../../../../Documents/GitHub/packets-design-system/packages/design-tokens/dist": {
      "extraneous": true
    },
    "../../../packets-design-system": {
      "name": "@esnet/packets-design-system",
      "extraneous": true,
      "devDependencies": {
        "@changesets/cli": "^2.27.1",
        "@repo/eslint-config": "workspace:*",
        "eslint": "^8.57.0",
        "prettier": "^3.2.5",
        "turbo": "^2.0.4"
      }
    },
    "node_modules/@esnet/esnet-tokens": {
      "resolved": "../../../../../Documents/GitHub/packets-design-system/packages/design-tokens",
      "link": true
    },
    "node_modules/lucide": {
      "version": "0.477.0",
      "resolved": "https://registry.npmjs.org/lucide/-/lucide-0.477.0.tgz",
      "integrity": "sha512-lEgt1ni9sKohbLsYWSnM3mKVRkvUrJ3Ijj01RAdM5F0iyvxkCcy3gPrb1G2ux6zE4y20ptcitfMa0OOFXI57gw==",
      "license": "ISC"
    }
  }
}
